// !$*UTF8*$!
{
	archiveVersion = 1;
	classes = {
	};
	objectVersion = 46;
	objects = {

/* Begin PBXBuildFile section */
		D48127B51BD0C7BA0090D9F9 /* AppDelegate.swift in Sources */ = {isa = PBXBuildFile; fileRef = D48127B41BD0C7BA0090D9F9 /* AppDelegate.swift */; };
		D48127B71BD0C7BA0090D9F9 /* ViewController.swift in Sources */ = {isa = PBXBuildFile; fileRef = D48127B61BD0C7BA0090D9F9 /* ViewController.swift */; };
		D48127BA1BD0C7BA0090D9F9 /* Main.storyboard in Resources */ = {isa = PBXBuildFile; fileRef = D48127B81BD0C7BA0090D9F9 /* Main.storyboard */; };
		D48127BD1BD0C7BA0090D9F9 /* ScanBook.xcdatamodeld in Sources */ = {isa = PBXBuildFile; fileRef = D48127BB1BD0C7BA0090D9F9 /* ScanBook.xcdatamodeld */; };
		D48127BF1BD0C7BA0090D9F9 /* Assets.xcassets in Resources */ = {isa = PBXBuildFile; fileRef = D48127BE1BD0C7BA0090D9F9 /* Assets.xcassets */; };
		D48127C21BD0C7BA0090D9F9 /* LaunchScreen.storyboard in Resources */ = {isa = PBXBuildFile; fileRef = D48127C01BD0C7BA0090D9F9 /* LaunchScreen.storyboard */; };
		D48127CD1BD0C7BB0090D9F9 /* ScanBookTests.swift in Sources */ = {isa = PBXBuildFile; fileRef = D48127CC1BD0C7BB0090D9F9 /* ScanBookTests.swift */; };
		D48127D81BD0C7BB0090D9F9 /* ScanBookUITests.swift in Sources */ = {isa = PBXBuildFile; fileRef = D48127D71BD0C7BB0090D9F9 /* ScanBookUITests.swift */; };
/* End PBXBuildFile section */

/* Begin PBXContainerItemProxy section */
		D48127C91BD0C7BB0090D9F9 /* PBXContainerItemProxy */ = {
			isa = PBXContainerItemProxy;
			containerPortal = D48127A91BD0C7BA0090D9F9 /* Project object */;
			proxyType = 1;
			remoteGlobalIDString = D48127B01BD0C7BA0090D9F9;
			remoteInfo = ScanBook;
		};
		D48127D41BD0C7BB0090D9F9 /* PBXContainerItemProxy */ = {
			isa = PBXContainerItemProxy;
			containerPortal = D48127A91BD0C7BA0090D9F9 /* Project object */;
			proxyType = 1;
			remoteGlobalIDString = D48127B01BD0C7BA0090D9F9;
			remoteInfo = ScanBook;
		};
/* End PBXContainerItemProxy section */

/* Begin PBXFileReference section */
		D48127B11BD0C7BA0090D9F9 /* ScanBook.app */ = {isa = PBXFileReference; explicitFileType = wrapper.application; includeInIndex = 0; path = ScanBook.app; sourceTree = BUILT_PRODUCTS_DIR; };
		D48127B41BD0C7BA0090D9F9 /* AppDelegate.swift */ = {isa = PBXFileReference; lastKnownFileType = sourcecode.swift; path = AppDelegate.swift; sourceTree = "<group>"; };
		D48127B61BD0C7BA0090D9F9 /* ViewController.swift */ = {isa = PBXFileReference; lastKnownFileType = sourcecode.swift; path = ViewController.swift; sourceTree = "<group>"; };
		D48127B91BD0C7BA0090D9F9 /* Base */ = {isa = PBXFileReference; lastKnownFileType = file.storyboard; name = Base; path = Base.lproj/Main.storyboard; sourceTree = "<group>"; };
		D48127BC1BD0C7BA0090D9F9 /* ScanBook.xcdatamodel */ = {isa = PBXFileReference; lastKnownFileType = wrapper.xcdatamodel; path = ScanBook.xcdatamodel; sourceTree = "<group>"; };
		D48127BE1BD0C7BA0090D9F9 /* Assets.xcassets */ = {isa = PBXFileReference; lastKnownFileType = folder.assetcatalog; path = Assets.xcassets; sourceTree = "<group>"; };
		D48127C11BD0C7BA0090D9F9 /* Base */ = {isa = PBXFileReference; lastKnownFileType = file.storyboard; name = Base; path = Base.lproj/LaunchScreen.storyboard; sourceTree = "<group>"; };
		D48127C31BD0C7BA0090D9F9 /* Info.plist */ = {isa = PBXFileReference; lastKnownFileType = text.plist.xml; path = Info.plist; sourceTree = "<group>"; };
		D48127C81BD0C7BB0090D9F9 /* ScanBookTests.xctest */ = {isa = PBXFileReference; explicitFileType = wrapper.cfbundle; includeInIndex = 0; path = ScanBookTests.xctest; sourceTree = BUILT_PRODUCTS_DIR; };
		D48127CC1BD0C7BB0090D9F9 /* ScanBookTests.swift */ = {isa = PBXFileReference; lastKnownFileType = sourcecode.swift; path = ScanBookTests.swift; sourceTree = "<group>"; };
		D48127CE1BD0C7BB0090D9F9 /* Info.plist */ = {isa = PBXFileReference; lastKnownFileType = text.plist.xml; path = Info.plist; sourceTree = "<group>"; };
		D48127D31BD0C7BB0090D9F9 /* ScanBookUITests.xctest */ = {isa = PBXFileReference; explicitFileType = wrapper.cfbundle; includeInIndex = 0; path = ScanBookUITests.xctest; sourceTree = BUILT_PRODUCTS_DIR; };
		D48127D71BD0C7BB0090D9F9 /* ScanBookUITests.swift */ = {isa = PBXFileReference; lastKnownFileType = sourcecode.swift; path = ScanBookUITests.swift; sourceTree = "<group>"; };
		D48127D91BD0C7BB0090D9F9 /* Info.plist */ = {isa = PBXFileReference; lastKnownFileType = text.plist.xml; path = Info.plist; sourceTree = "<group>"; };
/* End PBXFileReference section */

/* Begin PBXFrameworksBuildPhase section */
		D48127AE1BD0C7BA0090D9F9 /* Frameworks */ = {
			isa = PBXFrameworksBuildPhase;
			buildActionMask = 2147483647;
			files = (
			);
			runOnlyForDeploymentPostprocessing = 0;
		};
		D48127C51BD0C7BB0090D9F9 /* Frameworks */ = {
			isa = PBXFrameworksBuildPhase;
			buildActionMask = 2147483647;
			files = (
			);
			runOnlyForDeploymentPostprocessing = 0;
		};
		D48127D01BD0C7BB0090D9F9 /* Frameworks */ = {
			isa = PBXFrameworksBuildPhase;
			buildActionMask = 2147483647;
			files = (
			);
			runOnlyForDeploymentPostprocessing = 0;
		};
/* End PBXFrameworksBuildPhase section */

/* Begin PBXGroup section */
		D48127A81BD0C7BA0090D9F9 = {
			isa = PBXGroup;
			children = (
				D48127B31BD0C7BA0090D9F9 /* ScanBook */,
				D48127CB1BD0C7BB0090D9F9 /* ScanBookTests */,
				D48127D61BD0C7BB0090D9F9 /* ScanBookUITests */,
				D48127B21BD0C7BA0090D9F9 /* Products */,
			);
			sourceTree = "<group>";
		};
		D48127B21BD0C7BA0090D9F9 /* Products */ = {
			isa = PBXGroup;
			children = (
				D48127B11BD0C7BA0090D9F9 /* ScanBook.app */,
				D48127C81BD0C7BB0090D9F9 /* ScanBookTests.xctest */,
				D48127D31BD0C7BB0090D9F9 /* ScanBookUITests.xctest */,
			);
			name = Products;
			sourceTree = "<group>";
		};
		D48127B31BD0C7BA0090D9F9 /* ScanBook */ = {
			isa = PBXGroup;
			children = (
				D48127B41BD0C7BA0090D9F9 /* AppDelegate.swift */,
				D48127B61BD0C7BA0090D9F9 /* ViewController.swift */,
				D48127B81BD0C7BA0090D9F9 /* Main.storyboard */,
				D48127BE1BD0C7BA0090D9F9 /* Assets.xcassets */,
				D48127C01BD0C7BA0090D9F9 /* LaunchScreen.storyboard */,
				D48127C31BD0C7BA0090D9F9 /* Info.plist */,
				D48127BB1BD0C7BA0090D9F9 /* ScanBook.xcdatamodeld */,
			);
			path = ScanBook;
			sourceTree = "<group>";
		};
		D48127CB1BD0C7BB0090D9F9 /* ScanBookTests */ = {
			isa = PBXGroup;
			children = (
				D48127CC1BD0C7BB0090D9F9 /* ScanBookTests.swift */,
				D48127CE1BD0C7BB0090D9F9 /* Info.plist */,
			);
			path = ScanBookTests;
			sourceTree = "<group>";
		};
		D48127D61BD0C7BB0090D9F9 /* ScanBookUITests */ = {
			isa = PBXGroup;
			children = (
				D48127D71BD0C7BB0090D9F9 /* ScanBookUITests.swift */,
				D48127D91BD0C7BB0090D9F9 /* Info.plist */,
			);
			path = ScanBookUITests;
			sourceTree = "<group>";
		};
/* End PBXGroup section */

/* Begin PBXNativeTarget section */
		D48127B01BD0C7BA0090D9F9 /* ScanBook */ = {
			isa = PBXNativeTarget;
			buildConfigurationList = D48127DC1BD0C7BB0090D9F9 /* Build configuration list for PBXNativeTarget "ScanBook" */;
			buildPhases = (
				D48127AD1BD0C7BA0090D9F9 /* Sources */,
				D48127AE1BD0C7BA0090D9F9 /* Frameworks */,
				D48127AF1BD0C7BA0090D9F9 /* Resources */,
			);
			buildRules = (
			);
			dependencies = (
			);
			name = ScanBook;
			productName = ScanBook;
			productReference = D48127B11BD0C7BA0090D9F9 /* ScanBook.app */;
			productType = "com.apple.product-type.application";
		};
		D48127C71BD0C7BB0090D9F9 /* ScanBookTests */ = {
			isa = PBXNativeTarget;
			buildConfigurationList = D48127DF1BD0C7BB0090D9F9 /* Build configuration list for PBXNativeTarget "ScanBookTests" */;
			buildPhases = (
				D48127C41BD0C7BB0090D9F9 /* Sources */,
				D48127C51BD0C7BB0090D9F9 /* Frameworks */,
				D48127C61BD0C7BB0090D9F9 /* Resources */,
			);
			buildRules = (
			);
			dependencies = (
				D48127CA1BD0C7BB0090D9F9 /* PBXTargetDependency */,
			);
			name = ScanBookTests;
			productName = ScanBookTests;
			productReference = D48127C81BD0C7BB0090D9F9 /* ScanBookTests.xctest */;
			productType = "com.apple.product-type.bundle.unit-test";
		};
		D48127D21BD0C7BB0090D9F9 /* ScanBookUITests */ = {
			isa = PBXNativeTarget;
			buildConfigurationList = D48127E21BD0C7BB0090D9F9 /* Build configuration list for PBXNativeTarget "ScanBookUITests" */;
			buildPhases = (
				D48127CF1BD0C7BB0090D9F9 /* Sources */,
				D48127D01BD0C7BB0090D9F9 /* Frameworks */,
				D48127D11BD0C7BB0090D9F9 /* Resources */,
			);
			buildRules = (
			);
			dependencies = (
				D48127D51BD0C7BB0090D9F9 /* PBXTargetDependency */,
			);
			name = ScanBookUITests;
			productName = ScanBookUITests;
			productReference = D48127D31BD0C7BB0090D9F9 /* ScanBookUITests.xctest */;
			productType = "com.apple.product-type.bundle.ui-testing";
		};
/* End PBXNativeTarget section */

/* Begin PBXProject section */
		D48127A91BD0C7BA0090D9F9 /* Project object */ = {
			isa = PBXProject;
			attributes = {
				LastUpgradeCheck = 0700;
				ORGANIZATIONNAME = "Srinivasan Sundaramoorthy";
				TargetAttributes = {
					D48127B01BD0C7BA0090D9F9 = {
						CreatedOnToolsVersion = 7.0.1;
					};
					D48127C71BD0C7BB0090D9F9 = {
						CreatedOnToolsVersion = 7.0.1;
						TestTargetID = D48127B01BD0C7BA0090D9F9;
					};
					D48127D21BD0C7BB0090D9F9 = {
						CreatedOnToolsVersion = 7.0.1;
						TestTargetID = D48127B01BD0C7BA0090D9F9;
					};
				};
			};
			buildConfigurationList = D48127AC1BD0C7BA0090D9F9 /* Build configuration list for PBXProject "ScanBook" */;
			compatibilityVersion = "Xcode 3.2";
			developmentRegion = English;
			hasScannedForEncodings = 0;
			knownRegions = (
				en,
				Base,
			);
			mainGroup = D48127A81BD0C7BA0090D9F9;
			productRefGroup = D48127B21BD0C7BA0090D9F9 /* Products */;
			projectDirPath = "";
			projectRoot = "";
			targets = (
				D48127B01BD0C7BA0090D9F9 /* ScanBook */,
				D48127C71BD0C7BB0090D9F9 /* ScanBookTests */,
				D48127D21BD0C7BB0090D9F9 /* ScanBookUITests */,
			);
		};
/* End PBXProject section */

/* Begin PBXResourcesBuildPhase section */
		D48127AF1BD0C7BA0090D9F9 /* Resources */ = {
			isa = PBXResourcesBuildPhase;
			buildActionMask = 2147483647;
			files = (
				D48127C21BD0C7BA0090D9F9 /* LaunchScreen.storyboard in Resources */,
				D48127BF1BD0C7BA0090D9F9 /* Assets.xcassets in Resources */,
				D48127BA1BD0C7BA0090D9F9 /* Main.storyboard in Resources */,
			);
			runOnlyForDeploymentPostprocessing = 0;
		};
		D48127C61BD0C7BB0090D9F9 /* Resources */ = {
			isa = PBXResourcesBuildPhase;
			buildActionMask = 2147483647;
			files = (
			);
			runOnlyForDeploymentPostprocessing = 0;
		};
		D48127D11BD0C7BB0090D9F9 /* Resources */ = {
			isa = PBXResourcesBuildPhase;
			buildActionMask = 2147483647;
			files = (
			);
			runOnlyForDeploymentPostprocessing = 0;
		};
/* End PBXResourcesBuildPhase section */

/* Begin PBXSourcesBuildPhase section */
		D48127AD1BD0C7BA0090D9F9 /* Sources */ = {
			isa = PBXSourcesBuildPhase;
			buildActionMask = 2147483647;
			files = (
				D48127BD1BD0C7BA0090D9F9 /* ScanBook.xcdatamodeld in Sources */,
				D48127B71BD0C7BA0090D9F9 /* ViewController.swift in Sources */,
				D48127B51BD0C7BA0090D9F9 /* AppDelegate.swift in Sources */,
			);
			runOnlyForDeploymentPostprocessing = 0;
		};
		D48127C41BD0C7BB0090D9F9 /* Sources */ = {
			isa = PBXSourcesBuildPhase;
			buildActionMask = 2147483647;
			files = (
				D48127CD1BD0C7BB0090D9F9 /* ScanBookTests.swift in Sources */,
			);
			runOnlyForDeploymentPostprocessing = 0;
		};
		D48127CF1BD0C7BB0090D9F9 /* Sources */ = {
			isa = PBXSourcesBuildPhase;
			buildActionMask = 2147483647;
			files = (
				D48127D81BD0C7BB0090D9F9 /* ScanBookUITests.swift in Sources */,
			);
			runOnlyForDeploymentPostprocessing = 0;
		};
/* End PBXSourcesBuildPhase section */

/* Begin PBXTargetDependency section */
		D48127CA1BD0C7BB0090D9F9 /* PBXTargetDependency */ = {
			isa = PBXTargetDependency;
			target = D48127B01BD0C7BA0090D9F9 /* ScanBook */;
			targetProxy = D48127C91BD0C7BB0090D9F9 /* PBXContainerItemProxy */;
		};
		D48127D51BD0C7BB0090D9F9 /* PBXTargetDependency */ = {
			isa = PBXTargetDependency;
			target = D48127B01BD0C7BA0090D9F9 /* ScanBook */;
			targetProxy = D48127D41BD0C7BB0090D9F9 /* PBXContainerItemProxy */;
		};
/* End PBXTargetDependency section */

/* Begin PBXVariantGroup section */
		D48127B81BD0C7BA0090D9F9 /* Main.storyboard */ = {
			isa = PBXVariantGroup;
			children = (
				D48127B91BD0C7BA0090D9F9 /* Base */,
			);
			name = Main.storyboard;
			sourceTree = "<group>";
		};
		D48127C01BD0C7BA0090D9F9 /* LaunchScreen.storyboard */ = {
			isa = PBXVariantGroup;
			children = (
				D48127C11BD0C7BA0090D9F9 /* Base */,
			);
			name = LaunchScreen.storyboard;
			sourceTree = "<group>";
		};
/* End PBXVariantGroup section */

/* Begin XCBuildConfiguration section */
		D48127DA1BD0C7BB0090D9F9 /* Debug */ = {
			isa = XCBuildConfiguration;
			buildSettings = {
				ALWAYS_SEARCH_USER_PATHS = NO;
				CLANG_CXX_LANGUAGE_STANDARD = "gnu++0x";
				CLANG_CXX_LIBRARY = "libc++";
				CLANG_ENABLE_MODULES = YES;
				CLANG_ENABLE_OBJC_ARC = YES;
				CLANG_WARN_BOOL_CONVERSION = YES;
				CLANG_WARN_CONSTANT_CONVERSION = YES;
				CLANG_WARN_DIRECT_OBJC_ISA_USAGE = YES_ERROR;
				CLANG_WARN_EMPTY_BODY = YES;
				CLANG_WARN_ENUM_CONVERSION = YES;
				CLANG_WARN_INT_CONVERSION = YES;
				CLANG_WARN_OBJC_ROOT_CLASS = YES_ERROR;
				CLANG_WARN_UNREACHABLE_CODE = YES;
				CLANG_WARN__DUPLICATE_METHOD_MATCH = YES;
				"CODE_SIGN_IDENTITY[sdk=iphoneos*]" = "iPhone Developer";
				COPY_PHASE_STRIP = NO;
				DEBUG_INFORMATION_FORMAT = dwarf;
				ENABLE_STRICT_OBJC_MSGSEND = YES;
				ENABLE_TESTABILITY = YES;
				GCC_C_LANGUAGE_STANDARD = gnu99;
				GCC_DYNAMIC_NO_PIC = NO;
				GCC_NO_COMMON_BLOCKS = YES;
				GCC_OPTIMIZATION_LEVEL = 0;
				GCC_PREPROCESSOR_DEFINITIONS = (
					"DEBUG=1",
					"$(inherited)",
				);
				GCC_WARN_64_TO_32_BIT_CONVERSION = YES;
				GCC_WARN_ABOUT_RETURN_TYPE = YES_ERROR;
				GCC_WARN_UNDECLARED_SELECTOR = YES;
				GCC_WARN_UNINITIALIZED_AUTOS = YES_AGGRESSIVE;
				GCC_WARN_UNUSED_FUNCTION = YES;
				GCC_WARN_UNUSED_VARIABLE = YES;
				IPHONEOS_DEPLOYMENT_TARGET = 9.0;
				MTL_ENABLE_DEBUG_INFO = YES;
				ONLY_ACTIVE_ARCH = YES;
				SDKROOT = iphoneos;
				SWIFT_OPTIMIZATION_LEVEL = "-Onone";
				TARGETED_DEVICE_FAMILY = "1,2";
			};
			name = Debug;
		};
		D48127DB1BD0C7BB0090D9F9 /* Release */ = {
			isa = XCBuildConfiguration;
			buildSettings = {
				ALWAYS_SEARCH_USER_PATHS = NO;
				CLANG_CXX_LANGUAGE_STANDARD = "gnu++0x";
				CLANG_CXX_LIBRARY = "libc++";
				CLANG_ENABLE_MODULES = YES;
				CLANG_ENABLE_OBJC_ARC = YES;
				CLANG_WARN_BOOL_CONVERSION = YES;
				CLANG_WARN_CONSTANT_CONVERSION = YES;
				CLANG_WARN_DIRECT_OBJC_ISA_USAGE = YES_ERROR;
				CLANG_WARN_EMPTY_BODY = YES;
				CLANG_WARN_ENUM_CONVERSION = YES;
				CLANG_WARN_INT_CONVERSION = YES;
				CLANG_WARN_OBJC_ROOT_CLASS = YES_ERROR;
				CLANG_WARN_UNREACHABLE_CODE = YES;
				CLANG_WARN__DUPLICATE_METHOD_MATCH = YES;
				"CODE_SIGN_IDENTITY[sdk=iphoneos*]" = "iPhone Developer";
				COPY_PHASE_STRIP = NO;
				DEBUG_INFORMATION_FORMAT = "dwarf-with-dsym";
				ENABLE_NS_ASSERTIONS = NO;
				ENABLE_STRICT_OBJC_MSGSEND = YES;
				GCC_C_LANGUAGE_STANDARD = gnu99;
				GCC_NO_COMMON_BLOCKS = YES;
				GCC_WARN_64_TO_32_BIT_CONVERSION = YES;
				GCC_WARN_ABOUT_RETURN_TYPE = YES_ERROR;
				GCC_WARN_UNDECLARED_SELECTOR = YES;
				GCC_WARN_UNINITIALIZED_AUTOS = YES_AGGRESSIVE;
				GCC_WARN_UNUSED_FUNCTION = YES;
				GCC_WARN_UNUSED_VARIABLE = YES;
				IPHONEOS_DEPLOYMENT_TARGET = 9.0;
				MTL_ENABLE_DEBUG_INFO = NO;
				SDKROOT = iphoneos;
				TARGETED_DEVICE_FAMILY = "1,2";
				VALIDATE_PRODUCT = YES;
			};
			name = Release;
		};
		D48127DD1BD0C7BB0090D9F9 /* Debug */ = {
			isa = XCBuildConfiguration;
			buildSettings = {
				ASSETCATALOG_COMPILER_APPICON_NAME = AppIcon;
				INFOPLIST_FILE = ScanBook/Info.plist;
				LD_RUNPATH_SEARCH_PATHS = "$(inherited) @executable_path/Frameworks";
				PRODUCT_BUNDLE_IDENTIFIER = Srinivasan.ScanBook;
				PRODUCT_NAME = "$(TARGET_NAME)";
			};
			name = Debug;
		};
		D48127DE1BD0C7BB0090D9F9 /* Release */ = {
			isa = XCBuildConfiguration;
			buildSettings = {
				ASSETCATALOG_COMPILER_APPICON_NAME = AppIcon;
				INFOPLIST_FILE = ScanBook/Info.plist;
				LD_RUNPATH_SEARCH_PATHS = "$(inherited) @executable_path/Frameworks";
				PRODUCT_BUNDLE_IDENTIFIER = Srinivasan.ScanBook;
				PRODUCT_NAME = "$(TARGET_NAME)";
			};
			name = Release;
		};
		D48127E01BD0C7BB0090D9F9 /* Debug */ = {
			isa = XCBuildConfiguration;
			buildSettings = {
				BUNDLE_LOADER = "$(TEST_HOST)";
				INFOPLIST_FILE = ScanBookTests/Info.plist;
				LD_RUNPATH_SEARCH_PATHS = "$(inherited) @executable_path/Frameworks @loader_path/Frameworks";
				PRODUCT_BUNDLE_IDENTIFIER = Srinivasan.ScanBookTests;
				PRODUCT_NAME = "$(TARGET_NAME)";
				TEST_HOST = "$(BUILT_PRODUCTS_DIR)/ScanBook.app/ScanBook";
			};
			name = Debug;
		};
		D48127E11BD0C7BB0090D9F9 /* Release */ = {
			isa = XCBuildConfiguration;
			buildSettings = {
				BUNDLE_LOADER = "$(TEST_HOST)";
				INFOPLIST_FILE = ScanBookTests/Info.plist;
				LD_RUNPATH_SEARCH_PATHS = "$(inherited) @executable_path/Frameworks @loader_path/Frameworks";
				PRODUCT_BUNDLE_IDENTIFIER = Srinivasan.ScanBookTests;
				PRODUCT_NAME = "$(TARGET_NAME)";
				TEST_HOST = "$(BUILT_PRODUCTS_DIR)/ScanBook.app/ScanBook";
			};
			name = Release;
		};
		D48127E31BD0C7BB0090D9F9 /* Debug */ = {
			isa = XCBuildConfiguration;
			buildSettings = {
				INFOPLIST_FILE = ScanBookUITests/Info.plist;
				LD_RUNPATH_SEARCH_PATHS = "$(inherited) @executable_path/Frameworks @loader_path/Frameworks";
				PRODUCT_BUNDLE_IDENTIFIER = Srinivasan.ScanBookUITests;
				PRODUCT_NAME = "$(TARGET_NAME)";
				TEST_TARGET_NAME = ScanBook;
				USES_XCTRUNNER = YES;
			};
			name = Debug;
		};
		D48127E41BD0C7BB0090D9F9 /* Release */ = {
			isa = XCBuildConfiguration;
			buildSettings = {
				INFOPLIST_FILE = ScanBookUITests/Info.plist;
				LD_RUNPATH_SEARCH_PATHS = "$(inherited) @executable_path/Frameworks @loader_path/Frameworks";
				PRODUCT_BUNDLE_IDENTIFIER = Srinivasan.ScanBookUITests;
				PRODUCT_NAME = "$(TARGET_NAME)";
				TEST_TARGET_NAME = ScanBook;
				USES_XCTRUNNER = YES;
			};
			name = Release;
		};
/* End XCBuildConfiguration section */

/* Begin XCConfigurationList section */
		D48127AC1BD0C7BA0090D9F9 /* Build configuration list for PBXProject "ScanBook" */ = {
			isa = XCConfigurationList;
			buildConfigurations = (
				D48127DA1BD0C7BB0090D9F9 /* Debug */,
				D48127DB1BD0C7BB0090D9F9 /* Release */,
			);
			defaultConfigurationIsVisible = 0;
			defaultConfigurationName = Release;
		};
		D48127DC1BD0C7BB0090D9F9 /* Build configuration list for PBXNativeTarget "ScanBook" */ = {
			isa = XCConfigurationList;
			buildConfigurations = (
				D48127DD1BD0C7BB0090D9F9 /* Debug */,
				D48127DE1BD0C7BB0090D9F9 /* Release */,
			);
			defaultConfigurationIsVisible = 0;
		};
		D48127DF1BD0C7BB0090D9F9 /* Build configuration list for PBXNativeTarget "ScanBookTests" */ = {
			isa = XCConfigurationList;
			buildConfigurations = (
				D48127E01BD0C7BB0090D9F9 /* Debug */,
				D48127E11BD0C7BB0090D9F9 /* Release */,
			);
			defaultConfigurationIsVisible = 0;
		};
		D48127E21BD0C7BB0090D9F9 /* Build configuration list for PBXNativeTarget "ScanBookUITests" */ = {
			isa = XCConfigurationList;
			buildConfigurations = (
				D48127E31BD0C7BB0090D9F9 /* Debug */,
				D48127E41BD0C7BB0090D9F9 /* Release */,
			);
			defaultConfigurationIsVisible = 0;
		};
/* End XCConfigurationList section */

/* Begin XCVersionGroup section */
		D48127BB1BD0C7BA0090D9F9 /* ScanBook.xcdatamodeld */ = {
			isa = XCVersionGroup;
			children = (
				D48127BC1BD0C7BA0090D9F9 /* ScanBook.xcdatamodel */,
			);
			currentVersion = D48127BC1BD0C7BA0090D9F9 /* ScanBook.xcdatamodel */;
			path = ScanBook.xcdatamodeld;
			sourceTree = "<group>";
			versionGroupType = wrapper.xcdatamodel;
		};
/* End XCVersionGroup section */
	};
	rootObject = D48127A91BD0C7BA0090D9F9 /* Project object */;
}
